
Microsoft Visual Studio Solution File, Format Version 12.00
# Visual Studio Version 17
VisualStudioVersion = 17.3.32929.385
MinimumVisualStudioVersion = 10.0.40219.1
Project("{FAE04EC0-301F-11D3-BF4B-00C04F79EFBC}") = "SimpleHeartbeatService", "SimpleHeartbeatService\SimpleHeartbeatService.csproj", "{584A7169-736D-447A-BDEE-F09A76775F11}"
EndProject
Global
	GlobalSection(SolutionConfigurationPlatforms) = preSolution
		Debug|Any CPU = Debug|Any CPU
		Release|Any CPU = Release|Any CPU
	EndGlobalSection
	GlobalSection(ProjectConfigurationPlatforms) = postSolution
		{584A7169-736D-447A-BDEE-F09A76775F11}.Debug|Any CPU.ActiveCfg = Debug|Any CPU
		{584A7169-736D-447A-BDEE-F09A76775F11}.Debug|Any CPU.Build.0 = Debug|Any CPU
		{584A7169-736D-447A-BDEE-F09A76775F11}.Release|Any CPU.ActiveCfg = Release|Any CPU
		{584A7169-736D-447A-BDEE-F09A76775F11}.Release|Any CPU.Build.0 = Release|Any CPU
	EndGlobalSection
	GlobalSection(SolutionProperties) = preSolution
		HideSolutionNode = FALSE
	EndGlobalSection
	GlobalSection(ExtensibilityGlobals) = postSolution
		SolutionGuid = {9143E896-6E5A-4A65-A522-273B10AEDE58}
	EndGlobalSection
EndGlobal
